
Microsoft Visual Studio Solution File, Format Version 12.00
# Visual Studio Version 17
VisualStudioVersion = 17.14.36511.14
MinimumVisualStudioVersion = 10.0.40219.1
Project("{FAE04EC0-301F-11D3-BF4B-00C04F79EFBC}") = "fs-2025-assignment-1-74780", "fs-2025-assignment-1-74780\fs-2025-assignment-1-74780.csproj", "{F8DCA8EF-BFCB-D86A-88F2-8B64F70D7A60}"
EndProject
Global
	GlobalSection(SolutionConfigurationPlatforms) = preSolution
		Debug|Any CPU = Debug|Any CPU
		Release|Any CPU = Release|Any CPU
	EndGlobalSection
	GlobalSection(ProjectConfigurationPlatforms) = postSolution
		{F8DCA8EF-BFCB-D86A-88F2-8B64F70D7A60}.Debug|Any CPU.ActiveCfg = Debug|Any CPU
		{F8DCA8EF-BFCB-D86A-88F2-8B64F70D7A60}.Debug|Any CPU.Build.0 = Debug|Any CPU
		{F8DCA8EF-BFCB-D86A-88F2-8B64F70D7A60}.Release|Any CPU.ActiveCfg = Release|Any CPU
		{F8DCA8EF-BFCB-D86A-88F2-8B64F70D7A60}.Release|Any CPU.Build.0 = Release|Any CPU
	EndGlobalSection
	GlobalSection(SolutionProperties) = preSolution
		HideSolutionNode = FALSE
	EndGlobalSection
	GlobalSection(ExtensibilityGlobals) = postSolution
		SolutionGuid = {AA202C95-6D37-4501-A031-45D6C0B9D9AE}
	EndGlobalSection
EndGlobal
